
Microsoft Visual Studio Solution File, Format Version 12.00
# Visual Studio Version 16
VisualStudioVersion = 16.0.31112.23
MinimumVisualStudioVersion = 10.0.40219.1
Project("{FAE04EC0-301F-11D3-BF4B-00C04F79EFBC}") = "AutoConsent", "AutoConsent.csproj", "{3B30FE2C-5AB7-4CBD-8CF8-3698A1D4ADB9}"
EndProject
Global
	GlobalSection(SolutionConfigurationPlatforms) = preSolution
		Debug|Any CPU = Debug|Any CPU
		Release|Any CPU = Release|Any CPU
	EndGlobalSection
	GlobalSection(ProjectConfigurationPlatforms) = postSolution
		{3B30FE2C-5AB7-4CBD-8CF8-3698A1D4ADB9}.Debug|Any CPU.ActiveCfg = Debug|Any CPU
		{3B30FE2C-5AB7-4CBD-8CF8-3698A1D4ADB9}.Debug|Any CPU.Build.0 = Debug|Any CPU
		{3B30FE2C-5AB7-4CBD-8CF8-3698A1D4ADB9}.Release|Any CPU.ActiveCfg = Release|Any CPU
		{3B30FE2C-5AB7-4CBD-8CF8-3698A1D4ADB9}.Release|Any CPU.Build.0 = Release|Any CPU
	EndGlobalSection
	GlobalSection(SolutionProperties) = preSolution
		HideSolutionNode = FALSE
	EndGlobalSection
	GlobalSection(ExtensibilityGlobals) = postSolution
		SolutionGuid = {DC7C6EC9-9C2A-48F6-8FD9-34BC3DA983B7}
	EndGlobalSection
EndGlobal
